
Microsoft Visual Studio Solution File, Format Version 12.00
# Visual Studio Express 2013 for Web
VisualStudioVersion = 12.0.21005.1
MinimumVisualStudioVersion = 10.0.40219.1
Project("{FAE04EC0-301F-11D3-BF4B-00C04F79EFBC}") = "TMS.Web", "TMS.Web\TMS.Web.csproj", "{B61673E4-8B21-476B-88DE-802CF29A0C38}"
EndProject
Project("{2150E333-8FDC-42A3-9474-1A3956D46DE8}") = "Config", "Config", "{6A85439D-CD49-47D6-8A7E-B599B99763BA}"
	ProjectSection(SolutionItems) = preProject
		appSettings.config = appSettings.config
		connectionstring.config = connectionstring.config
	EndProjectSection
EndProject
Project("{FAE04EC0-301F-11D3-BF4B-00C04F79EFBC}") = "TMS.Entity", "TMS.Entity\TMS.Entity.csproj", "{D4F8B539-F422-43E8-B29E-70A95EC6F737}"
EndProject
Project("{FAE04EC0-301F-11D3-BF4B-00C04F79EFBC}") = "TMS.Logic", "TMS.Logic\TMS.Logic.csproj", "{EACDC533-25FE-46F2-8143-5FC3DAFE4CB6}"
EndProject
Project("{FAE04EC0-301F-11D3-BF4B-00C04F79EFBC}") = "PdfReportGenerator", "PdfReportGenerator\PdfReportGenerator.csproj", "{DF00196A-3B96-4BCD-8C4E-879DB8EDFE95}"
EndProject
Project("{FAE04EC0-301F-11D3-BF4B-00C04F79EFBC}") = "TMS.Common", "TMS.Common\TMS.Common.csproj", "{BA13FE3F-FDA6-416D-93D3-7B56146D1FB6}"
EndProject
Global
	GlobalSection(SolutionConfigurationPlatforms) = preSolution
		Debug|Any CPU = Debug|Any CPU
		Release|Any CPU = Release|Any CPU
	EndGlobalSection
	GlobalSection(ProjectConfigurationPlatforms) = postSolution
		{B61673E4-8B21-476B-88DE-802CF29A0C38}.Debug|Any CPU.ActiveCfg = Debug|Any CPU
		{B61673E4-8B21-476B-88DE-802CF29A0C38}.Debug|Any CPU.Build.0 = Debug|Any CPU
		{B61673E4-8B21-476B-88DE-802CF29A0C38}.Release|Any CPU.ActiveCfg = Release|Any CPU
		{B61673E4-8B21-476B-88DE-802CF29A0C38}.Release|Any CPU.Build.0 = Release|Any CPU
		{D4F8B539-F422-43E8-B29E-70A95EC6F737}.Debug|Any CPU.ActiveCfg = Debug|Any CPU
		{D4F8B539-F422-43E8-B29E-70A95EC6F737}.Debug|Any CPU.Build.0 = Debug|Any CPU
		{D4F8B539-F422-43E8-B29E-70A95EC6F737}.Release|Any CPU.ActiveCfg = Release|Any CPU
		{D4F8B539-F422-43E8-B29E-70A95EC6F737}.Release|Any CPU.Build.0 = Release|Any CPU
		{EACDC533-25FE-46F2-8143-5FC3DAFE4CB6}.Debug|Any CPU.ActiveCfg = Debug|Any CPU
		{EACDC533-25FE-46F2-8143-5FC3DAFE4CB6}.Debug|Any CPU.Build.0 = Debug|Any CPU
		{EACDC533-25FE-46F2-8143-5FC3DAFE4CB6}.Release|Any CPU.ActiveCfg = Release|Any CPU
		{EACDC533-25FE-46F2-8143-5FC3DAFE4CB6}.Release|Any CPU.Build.0 = Release|Any CPU
		{DF00196A-3B96-4BCD-8C4E-879DB8EDFE95}.Debug|Any CPU.ActiveCfg = Debug|Any CPU
		{DF00196A-3B96-4BCD-8C4E-879DB8EDFE95}.Debug|Any CPU.Build.0 = Debug|Any CPU
		{DF00196A-3B96-4BCD-8C4E-879DB8EDFE95}.Release|Any CPU.ActiveCfg = Release|Any CPU
		{DF00196A-3B96-4BCD-8C4E-879DB8EDFE95}.Release|Any CPU.Build.0 = Release|Any CPU
		{BA13FE3F-FDA6-416D-93D3-7B56146D1FB6}.Debug|Any CPU.ActiveCfg = Debug|Any CPU
		{BA13FE3F-FDA6-416D-93D3-7B56146D1FB6}.Debug|Any CPU.Build.0 = Debug|Any CPU
		{BA13FE3F-FDA6-416D-93D3-7B56146D1FB6}.Release|Any CPU.ActiveCfg = Release|Any CPU
		{BA13FE3F-FDA6-416D-93D3-7B56146D1FB6}.Release|Any CPU.Build.0 = Release|Any CPU
	EndGlobalSection
	GlobalSection(SolutionProperties) = preSolution
		HideSolutionNode = FALSE
	EndGlobalSection
EndGlobal
